
Microsoft Visual Studio Solution File, Format Version 12.00
# Visual Studio Version 17
VisualStudioVersion = 17.9.34723.18
MinimumVisualStudioVersion = 10.0.40219.1
Project("{FAE04EC0-301F-11D3-BF4B-00C04F79EFBC}") = "Jose_Caso_de_Uso", "Jose_Caso_de_Uso.csproj", "{3A17819D-C8C7-408D-984E-5B134DFBB63B}"
EndProject
Global
	GlobalSection(SolutionConfigurationPlatforms) = preSolution
		Debug|Any CPU = Debug|Any CPU
		Release|Any CPU = Release|Any CPU
	EndGlobalSection
	GlobalSection(ProjectConfigurationPlatforms) = postSolution
		{3A17819D-C8C7-408D-984E-5B134DFBB63B}.Debug|Any CPU.ActiveCfg = Debug|Any CPU
		{3A17819D-C8C7-408D-984E-5B134DFBB63B}.Debug|Any CPU.Build.0 = Debug|Any CPU
		{3A17819D-C8C7-408D-984E-5B134DFBB63B}.Release|Any CPU.ActiveCfg = Release|Any CPU
		{3A17819D-C8C7-408D-984E-5B134DFBB63B}.Release|Any CPU.Build.0 = Release|Any CPU
	EndGlobalSection
	GlobalSection(SolutionProperties) = preSolution
		HideSolutionNode = FALSE
	EndGlobalSection
	GlobalSection(ExtensibilityGlobals) = postSolution
		SolutionGuid = {8CD97BC0-8841-465D-AED2-546BC43AFB4E}
	EndGlobalSection
EndGlobal
